
Microsoft Visual Studio Solution File, Format Version 12.00
# Visual Studio Version 16
VisualStudioVersion = 16.0.29911.84
MinimumVisualStudioVersion = 10.0.40219.1
Project("{9A19103F-16F7-4668-BE54-9A1E7A4F7556}") = "API", "API\API.csproj", "{457157CD-EEFA-4CC5-91DA-6BE68FC68D3D}"
EndProject
Project("{9A19103F-16F7-4668-BE54-9A1E7A4F7556}") = "Application", "Application\Application.csproj", "{62FAE2BA-3F41-4363-8A57-A8BAB066A997}"
EndProject
Project("{2150E333-8FDC-42A3-9474-1A3956D46DE8}") = "_Buildingblocks", "_Buildingblocks", "{21EECF6B-4F5B-43D0-BE5C-4EE36175D770}"
EndProject
Project("{FAE04EC0-301F-11D3-BF4B-00C04F79EFBC}") = "Domain.Core", "Domain.Core\Domain.Core.csproj", "{44E4AB93-E83C-4551-B86C-D73EED577BCB}"
EndProject
Global
	GlobalSection(SolutionConfigurationPlatforms) = preSolution
		Debug|Any CPU = Debug|Any CPU
		Release|Any CPU = Release|Any CPU
	EndGlobalSection
	GlobalSection(ProjectConfigurationPlatforms) = postSolution
		{457157CD-EEFA-4CC5-91DA-6BE68FC68D3D}.Debug|Any CPU.ActiveCfg = Debug|Any CPU
		{457157CD-EEFA-4CC5-91DA-6BE68FC68D3D}.Debug|Any CPU.Build.0 = Debug|Any CPU
		{457157CD-EEFA-4CC5-91DA-6BE68FC68D3D}.Release|Any CPU.ActiveCfg = Release|Any CPU
		{457157CD-EEFA-4CC5-91DA-6BE68FC68D3D}.Release|Any CPU.Build.0 = Release|Any CPU
		{62FAE2BA-3F41-4363-8A57-A8BAB066A997}.Debug|Any CPU.ActiveCfg = Debug|Any CPU
		{62FAE2BA-3F41-4363-8A57-A8BAB066A997}.Debug|Any CPU.Build.0 = Debug|Any CPU
		{62FAE2BA-3F41-4363-8A57-A8BAB066A997}.Release|Any CPU.ActiveCfg = Release|Any CPU
		{62FAE2BA-3F41-4363-8A57-A8BAB066A997}.Release|Any CPU.Build.0 = Release|Any CPU
		{44E4AB93-E83C-4551-B86C-D73EED577BCB}.Debug|Any CPU.ActiveCfg = Debug|Any CPU
		{44E4AB93-E83C-4551-B86C-D73EED577BCB}.Debug|Any CPU.Build.0 = Debug|Any CPU
		{44E4AB93-E83C-4551-B86C-D73EED577BCB}.Release|Any CPU.ActiveCfg = Release|Any CPU
		{44E4AB93-E83C-4551-B86C-D73EED577BCB}.Release|Any CPU.Build.0 = Release|Any CPU
	EndGlobalSection
	GlobalSection(SolutionProperties) = preSolution
		HideSolutionNode = FALSE
	EndGlobalSection
	GlobalSection(ExtensibilityGlobals) = postSolution
		SolutionGuid = {AABF67BB-952B-4A8A-BC46-B356E48C4F58}
	EndGlobalSection
EndGlobal
